
Microsoft Visual Studio Solution File, Format Version 12.00
# Visual Studio Version 16
VisualStudioVersion = 16.0.30320.27
MinimumVisualStudioVersion = 10.0.40219.1
Project("{FAE04EC0-301F-11D3-BF4B-00C04F79EFBC}") = "AvaloniaApplication9", "AvaloniaApplication9\AvaloniaApplication9.csproj", "{CC60340C-651F-4448-B92B-21324C0A36FF}"
EndProject
Global
	GlobalSection(SolutionConfigurationPlatforms) = preSolution
		Debug|Any CPU = Debug|Any CPU
		Release|Any CPU = Release|Any CPU
	EndGlobalSection
	GlobalSection(ProjectConfigurationPlatforms) = postSolution
		{CC60340C-651F-4448-B92B-21324C0A36FF}.Debug|Any CPU.ActiveCfg = Debug|Any CPU
		{CC60340C-651F-4448-B92B-21324C0A36FF}.Debug|Any CPU.Build.0 = Debug|Any CPU
		{CC60340C-651F-4448-B92B-21324C0A36FF}.Release|Any CPU.ActiveCfg = Release|Any CPU
		{CC60340C-651F-4448-B92B-21324C0A36FF}.Release|Any CPU.Build.0 = Release|Any CPU
	EndGlobalSection
	GlobalSection(SolutionProperties) = preSolution
		HideSolutionNode = FALSE
	EndGlobalSection
	GlobalSection(ExtensibilityGlobals) = postSolution
		SolutionGuid = {EC8FC701-FF55-4764-B2BC-43CD9B5CB933}
	EndGlobalSection
EndGlobal
